
Microsoft Visual Studio Solution File, Format Version 12.00
# Visual Studio Version 16
VisualStudioVersion = 16.0.29911.84
MinimumVisualStudioVersion = 10.0.40219.1
Project("{9A19103F-16F7-4668-BE54-9A1E7A4F7556}") = "NodeHostEnvironment", "NodeHostEnvironment\NodeHostEnvironment.csproj", "{D606777A-DA6F-4ABE-B68C-845D4D2A1C33}"
EndProject
Project("{9A19103F-16F7-4668-BE54-9A1E7A4F7556}") = "ElectronHostedBlazor", "ElectronHostedBlazor\ElectronHostedBlazor.csproj", "{6A999DD7-91BC-4E1D-8106-CA13750130EC}"
EndProject
Global
	GlobalSection(SolutionConfigurationPlatforms) = preSolution
		Debug|Any CPU = Debug|Any CPU
		Release|Any CPU = Release|Any CPU
	EndGlobalSection
	GlobalSection(ProjectConfigurationPlatforms) = postSolution
		{D606777A-DA6F-4ABE-B68C-845D4D2A1C33}.Debug|Any CPU.ActiveCfg = Debug|Any CPU
		{D606777A-DA6F-4ABE-B68C-845D4D2A1C33}.Debug|Any CPU.Build.0 = Debug|Any CPU
		{D606777A-DA6F-4ABE-B68C-845D4D2A1C33}.Release|Any CPU.ActiveCfg = Release|Any CPU
		{D606777A-DA6F-4ABE-B68C-845D4D2A1C33}.Release|Any CPU.Build.0 = Release|Any CPU
		{6A999DD7-91BC-4E1D-8106-CA13750130EC}.Debug|Any CPU.ActiveCfg = Debug|Any CPU
		{6A999DD7-91BC-4E1D-8106-CA13750130EC}.Debug|Any CPU.Build.0 = Debug|Any CPU
		{6A999DD7-91BC-4E1D-8106-CA13750130EC}.Release|Any CPU.ActiveCfg = Release|Any CPU
		{6A999DD7-91BC-4E1D-8106-CA13750130EC}.Release|Any CPU.Build.0 = Release|Any CPU
	EndGlobalSection
	GlobalSection(SolutionProperties) = preSolution
		HideSolutionNode = FALSE
	EndGlobalSection
	GlobalSection(ExtensibilityGlobals) = postSolution
		SolutionGuid = {1F1E3EEE-27E0-4B9D-8026-911FC1DC4540}
	EndGlobalSection
EndGlobal
