{
  "name": "sample",
  "version": "1.0.0",
  "lockfileVersion": 2,
  "requires": true,
  "packages": {
    "": {
      "name": "sample",
      "version": "1.0.0",
      "license": "MIT",
      "dependencies": {
        "coreclr-hosting": "file:../../coreclr-hosting"
      }
    },
    "../../coreclr-hosting": {
      "version": "0.1.0-dev.1",
      "hasInstallScript": true,
      "license": "MIT",
      "dependencies": {
        "bindings": "^1.5.0",
        "prebuild-install": "^7.1.1"
      },
      "devDependencies": {
        "benchmark": "^2.1.4",
        "benchr": "^4.3.0",
        "mocha": "^10.2.0",
        "node-addon-api": "^8.1.0",
        "node-gyp": "^10.2.0",
        "prebuild": "^13.0.1"
      },
      "engines": {
        "node": ">=12.17"
      }
    },
    "node_modules/coreclr-hosting": {
      "resolved": "../../coreclr-hosting",
      "link": true
    }
  },
  "dependencies": {
    "coreclr-hosting": {
      "version": "file:../../coreclr-hosting",
      "requires": {
        "benchmark": "^2.1.4",
        "benchr": "^4.3.0",
        "bindings": "^1.5.0",
        "mocha": "^10.2.0",
        "node-addon-api": "^8.1.0",
        "node-gyp": "^10.2.0",
        "prebuild": "^13.0.1",
        "prebuild-install": "^7.1.1"
      }
    }
  }
}
