{
  "name": "electron-blazor",
  "version": "1.0.0",
  "lockfileVersion": 2,
  "requires": true,
  "packages": {
    "": {
      "name": "electron-blazor",
      "version": "1.0.0",
      "hasInstallScript": true,
      "license": "MIT",
      "dependencies": {
        "coreclr-hosting": "file:../../coreclr-hosting",
        "electron-blazor-glue": "file:../../electron-blazor-glue"
      },
      "devDependencies": {
        "@electron/rebuild": "^4.2.0",
        "@types/mocha": "^10.0.8",
        "@types/node": "^20.16.10",
        "electron": "^44.0.0",
        "node-abi": "^4.34.0",
        "typescript": "^5.6.2"
      },
      "engines": {
        "node": ">=20"
      }
    },
    "../../coreclr-hosting": {
      "version": "0.1.0-dev.1",
      "hasInstallScript": true,
      "license": "MIT",
      "dependencies": {
        "bindings": "^1.5.0",
        "prebuild-install": "^7.1.1"
      },
      "devDependencies": {
        "benchmark": "^2.1.4",
        "benchr": "^4.3.0",
        "mocha": "^11.8.0",
        "node-abi": "^3.95.0",
        "node-addon-api": "^8.9.2",
        "node-gyp": "^13.0.2",
        "prebuild": "^13.0.1"
      },
      "engines": {
        "node": ">=20"
      }
    },
    "../../electron-blazor-glue": {
      "version": "0.1.0-dev.1",
      "license": "MIT",
      "dependencies": {
        "coreclr-hosting": "file:../coreclr-hosting"
      },
      "devDependencies": {
        "@types/node": "^22.7.4",
        "electron": "^44.0.0",
        "node-loader": "^2.1.0",
        "ts-loader": "^9.6.2",
        "typescript": "^5.6.2",
        "webpack": "^5.109.2",
        "webpack-cli": "^5.1.4"
      },
      "engines": {
        "node": ">=20"
      }
    },
    "node_modules/@electron-internal/extract-zip": {
      "version": "1.0.5",
      "resolved": "https://registry.npmjs.org/@electron-internal/extract-zip/-/extract-zip-1.0.5.tgz",
      "integrity": "sha512-+bqFCP98pLI0Tt0XQo1TmlXtwjWchISndDOxCkEcIuUgXWpBnLyRI+2DU+mesvnMMX6L1XDqYNA0lXNDHd/yiA==",
      "dev": true,
      "license": "BSD-2-Clause",
      "engines": {
        "node": ">=22.12.0"
      }
    },
    "node_modules/@electron/get": {
      "version": "5.1.0",
      "resolved": "https://registry.npmjs.org/@electron/get/-/get-5.1.0.tgz",
      "integrity": "sha512-3kSBtG8ObcTVfXanm5vVJ6UnBLEVmVsRk1M+vGqCuMBV+XLCbJYuWQful+yIy0GQDsSlK0kHEriEHn7SPk4EnA==",
      "dev": true,
      "license": "MIT",
      "dependencies": {
        "debug": "^4.1.1",
        "env-paths": "^3.0.0",
        "graceful-fs": "^4.2.11",
        "progress": "^2.0.3",
        "semver": "^7.6.3",
        "sumchecker": "^3.0.1"
      },
      "engines": {
        "node": ">=22.12.0"
      },
      "optionalDependencies": {
        "undici": "^7.24.4"
      }
    },
    "node_modules/@electron/get/node_modules/env-paths": {
      "version": "3.0.0",
      "resolved": "https://registry.npmjs.org/env-paths/-/env-paths-3.0.0.tgz",
      "integrity": "sha512-dtJUTepzMW3Lm/NPxRf3wP4642UWhjL2sQxc+ym2YMj1m/H2zDNQOlezafzkHwn6sMstjHTwG6iQQsctDW/b1A==",
      "dev": true,
      "license": "MIT",
      "engines": {
        "node": "^12.20.0 || ^14.13.1 || >=16.0.0"
      },
      "funding": {
        "url": "https://github.com/sponsors/sindresorhus"
      }
    },
    "node_modules/@electron/rebuild": {
      "version": "4.2.0",
      "resolved": "https://registry.npmjs.org/@electron/rebuild/-/rebuild-4.2.0.tgz",
      "integrity": "sha512-RKL/O+jGoXJMxrx/5771y1n0xTKmFuOYGO3gMmwypBM6rsH0kou0mswwdXA2JrhIkE4xyC7v9vGk0n6NPzgOxQ==",
      "dev": true,
      "license": "MIT",
      "dependencies": {
        "@malept/cross-spawn-promise": "^2.0.0",
        "debug": "^4.1.1",
        "node-abi": "^4.2.0",
        "node-api-version": "^0.2.1",
        "node-gyp": "^12.2.0",
        "read-binary-file-arch": "^1.0.6"
      },
      "bin": {
        "electron-rebuild": "lib/cli.js"
      },
      "engines": {
        "node": ">=22.12.0"
      }
    },
    "node_modules/@isaacs/fs-minipass": {
      "version": "4.0.1",
      "resolved": "https://registry.npmjs.org/@isaacs/fs-minipass/-/fs-minipass-4.0.1.tgz",
      "integrity": "sha512-wgm9Ehl2jpeqP3zw/7mo3kRHFp5MEDhqAdwy1fTGkHAwnkGOVsgpvQhL8B5n1qlb01jV3n/bI0ZfZp5lWA1k4w==",
      "dev": true,
      "license": "ISC",
      "dependencies": {
        "minipass": "^7.0.4"
      },
      "engines": {
        "node": ">=18.0.0"
      }
    },
    "node_modules/@malept/cross-spawn-promise": {
      "version": "2.0.0",
      "resolved": "https://registry.npmjs.org/@malept/cross-spawn-promise/-/cross-spawn-promise-2.0.0.tgz",
      "integrity": "sha512-1DpKU0Z5ThltBwjNySMC14g0CkbyhCaz9FkhxqNsZI6uAPJXFS8cMXlBKo26FJ8ZuW6S9GCMcR9IO5k2X5/9Fg==",
      "dev": true,
      "funding": [
        {
          "type": "individual",
          "url": "https://github.com/sponsors/malept"
        },
        {
          "type": "tidelift",
          "url": "https://tidelift.com/subscription/pkg/npm-.malept-cross-spawn-promise?utm_medium=referral&utm_source=npm_fund"
        }
      ],
      "dependencies": {
        "cross-spawn": "^7.0.1"
      },
      "engines": {
        "node": ">= 12.13.0"
      }
    },
    "node_modules/@types/mocha": {
      "version": "10.0.8",
      "resolved": "https://registry.npmjs.org/@types/mocha/-/mocha-10.0.8.tgz",
      "integrity": "sha512-HfMcUmy9hTMJh66VNcmeC9iVErIZJli2bszuXc6julh5YGuRb/W5OnkHjwLNYdFlMis0sY3If5SEAp+PktdJjw==",
      "dev": true
    },
    "node_modules/@types/node": {
      "version": "20.16.10",
      "resolved": "https://registry.npmjs.org/@types/node/-/node-20.16.10.tgz",
      "integrity": "sha512-vQUKgWTjEIRFCvK6CyriPH3MZYiYlNy0fKiEYHWbcoWLEgs4opurGGKlebrTLqdSMIbXImH6XExNiIyNUv3WpA==",
      "dev": true,
      "dependencies": {
        "undici-types": "~6.19.2"
      }
    },
    "node_modules/abbrev": {
      "version": "4.0.0",
      "resolved": "https://registry.npmjs.org/abbrev/-/abbrev-4.0.0.tgz",
      "integrity": "sha512-a1wflyaL0tHtJSmLSOVybYhy22vRih4eduhhrkcjgrWGnRfrZtovJ2FRjxuTtkkj47O/baf0R86QU5OuYpz8fA==",
      "dev": true,
      "license": "ISC",
      "engines": {
        "node": "^20.17.0 || >=22.9.0"
      }
    },
    "node_modules/chownr": {
      "version": "3.0.0",
      "resolved": "https://registry.npmjs.org/chownr/-/chownr-3.0.0.tgz",
      "integrity": "sha512-+IxzY9BZOQd/XuYPRmrvEVjF/nqj5kgT4kEq7VofrDoM1MxoRjEWkrCC3EtLi59TVawxTAn+orJwFQcrqEN1+g==",
      "dev": true,
      "license": "BlueOak-1.0.0",
      "engines": {
        "node": ">=18"
      }
    },
    "node_modules/coreclr-hosting": {
      "resolved": "../../coreclr-hosting",
      "link": true
    },
    "node_modules/cross-spawn": {
      "version": "7.0.3",
      "resolved": "https://registry.npmjs.org/cross-spawn/-/cross-spawn-7.0.3.tgz",
      "integrity": "sha512-iRDPJKUPVEND7dHPO8rkbOnPpyDygcDFtWjpeWNCgy8WP2rXcxXL8TskReQl6OrB2G7+UJrags1q15Fudc7G6w==",
      "dev": true,
      "dependencies": {
        "path-key": "^3.1.0",
        "shebang-command": "^2.0.0",
        "which": "^2.0.1"
      },
      "engines": {
        "node": ">= 8"
      }
    },
    "node_modules/debug": {
      "version": "4.3.7",
      "resolved": "https://registry.npmjs.org/debug/-/debug-4.3.7.tgz",
      "integrity": "sha512-Er2nc/H7RrMXZBFCEim6TCmMk02Z8vLC2Rbi1KEBggpo0fS6l0S1nnapwmIi3yW/+GOJap1Krg4w0Hg80oCqgQ==",
      "dev": true,
      "dependencies": {
        "ms": "^2.1.3"
      },
      "engines": {
        "node": ">=6.0"
      },
      "peerDependenciesMeta": {
        "supports-color": {
          "optional": true
        }
      }
    },
    "node_modules/electron": {
      "version": "44.0.0",
      "resolved": "https://registry.npmjs.org/electron/-/electron-44.0.0.tgz",
      "integrity": "sha512-FkTqPrFPZYljdPI5b7KORGsJTd6FgUQDefl5MrU3Xz9R87pAj9JLreIjDqcRN8hJIkFHIou0o8kKzvcpT9qiRQ==",
      "dev": true,
      "license": "MIT",
      "dependencies": {
        "@electron-internal/extract-zip": "^1.0.1",
        "@electron/get": "^5.0.0",
        "@types/node": "^24.9.0"
      },
      "bin": {
        "electron": "cli.js",
        "install-electron": "install.js"
      },
      "engines": {
        "node": ">= 22.12.0"
      }
    },
    "node_modules/electron-blazor-glue": {
      "resolved": "../../electron-blazor-glue",
      "link": true
    },
    "node_modules/electron/node_modules/@types/node": {
      "version": "24.13.3",
      "resolved": "https://registry.npmjs.org/@types/node/-/node-24.13.3.tgz",
      "integrity": "sha512-Dh8vAsV36ig5wa9OX4pXvMc9D3Veibfw2wix0CUwYODLD8nkj9UsLjASr49nPg+2eKzxhBV+v7L8pXvT4e639Q==",
      "dev": true,
      "license": "MIT",
      "dependencies": {
        "undici-types": "~7.18.0"
      }
    },
    "node_modules/electron/node_modules/undici-types": {
      "version": "7.18.2",
      "resolved": "https://registry.npmjs.org/undici-types/-/undici-types-7.18.2.tgz",
      "integrity": "sha512-AsuCzffGHJybSaRrmr5eHr81mwJU3kjw6M+uprWvCXiNeN9SOGwQ3Jn8jb8m3Z6izVgknn1R0FTCEAP2QrLY/w==",
      "dev": true,
      "license": "MIT"
    },
    "node_modules/env-paths": {
      "version": "2.2.1",
      "resolved": "https://registry.npmjs.org/env-paths/-/env-paths-2.2.1.tgz",
      "integrity": "sha512-+h1lkLKhZMTYjog1VEpJNG7NZJWcuc2DDk/qsqSTRRCOXiLjeQ1d1/udrUGhqMxUgAlwKNZ0cf2uqan5GLuS2A==",
      "dev": true,
      "license": "MIT",
      "engines": {
        "node": ">=6"
      }
    },
    "node_modules/exponential-backoff": {
      "version": "3.1.3",
      "resolved": "https://registry.npmjs.org/exponential-backoff/-/exponential-backoff-3.1.3.tgz",
      "integrity": "sha512-ZgEeZXj30q+I0EN+CbSSpIyPaJ5HVQD18Z1m+u1FXbAeT94mr1zw50q4q6jiiC447Nl/YTcIYSAftiGqetwXCA==",
      "dev": true,
      "license": "Apache-2.0"
    },
    "node_modules/fdir": {
      "version": "6.5.0",
      "resolved": "https://registry.npmjs.org/fdir/-/fdir-6.5.0.tgz",
      "integrity": "sha512-tIbYtZbucOs0BRGqPJkshJUYdL+SDH7dVM8gjy+ERp3WAUjLEFJE+02kanyHtwjWOnwrKYBiwAmM0p4kLJAnXg==",
      "dev": true,
      "license": "MIT",
      "engines": {
        "node": ">=12.0.0"
      },
      "peerDependencies": {
        "picomatch": "^3 || ^4"
      },
      "peerDependenciesMeta": {
        "picomatch": {
          "optional": true
        }
      }
    },
    "node_modules/graceful-fs": {
      "version": "4.2.11",
      "resolved": "https://registry.npmjs.org/graceful-fs/-/graceful-fs-4.2.11.tgz",
      "integrity": "sha512-RbJ5/jmFcNNCcDV5o9eTnBLJ/HszWV0P73bc+Ff4nS/rJj+YaS6IGyiOL0VoBYX+l1Wrl3k63h/KrH+nhJ0XvQ==",
      "dev": true
    },
    "node_modules/isexe": {
      "version": "2.0.0",
      "resolved": "https://registry.npmjs.org/isexe/-/isexe-2.0.0.tgz",
      "integrity": "sha512-RHxMLp9lnKHGHRng9QFhRCMbYAcVpn69smSGcq3f36xjgVVWThj4qqLbTLlq7Ssj8B+fIQ1EuCEGI2lKsyQeIw==",
      "dev": true
    },
    "node_modules/minipass": {
      "version": "7.1.3",
      "resolved": "https://registry.npmjs.org/minipass/-/minipass-7.1.3.tgz",
      "integrity": "sha512-tEBHqDnIoM/1rXME1zgka9g6Q2lcoCkxHLuc7ODJ5BxbP5d4c2Z5cGgtXAku59200Cx7diuHTOYfSBD8n6mm8A==",
      "dev": true,
      "license": "BlueOak-1.0.0",
      "engines": {
        "node": ">=16 || 14 >=14.17"
      }
    },
    "node_modules/minizlib": {
      "version": "3.1.0",
      "resolved": "https://registry.npmjs.org/minizlib/-/minizlib-3.1.0.tgz",
      "integrity": "sha512-KZxYo1BUkWD2TVFLr0MQoM8vUUigWD3LlD83a/75BqC+4qE0Hb1Vo5v1FgcfaNXvfXzr+5EhQ6ing/CaBijTlw==",
      "dev": true,
      "license": "MIT",
      "dependencies": {
        "minipass": "^7.1.2"
      },
      "engines": {
        "node": ">= 18"
      }
    },
    "node_modules/ms": {
      "version": "2.1.3",
      "resolved": "https://registry.npmjs.org/ms/-/ms-2.1.3.tgz",
      "integrity": "sha512-6FlzubTLZG3J2a/NVCAleEhjzq5oxgHyaCU9yYXvcLsvoVaHJq/s5xXI6/XXP6tz7R9xAOtHnSO/tXtF3WRTlA==",
      "dev": true
    },
    "node_modules/node-abi": {
      "version": "4.34.0",
      "resolved": "https://registry.npmjs.org/node-abi/-/node-abi-4.34.0.tgz",
      "integrity": "sha512-4Oy5Q6/Ftna9sXyrkdnKypfvm9uWRpxUPvlw4oA192QNMN39aq8k4l36TUUUU/ONw7ivGVi402Ud+UBPVDYh6A==",
      "dev": true,
      "license": "MIT",
      "dependencies": {
        "semver": "^7.6.3"
      },
      "engines": {
        "node": ">=22.12.0"
      }
    },
    "node_modules/node-api-version": {
      "version": "0.2.1",
      "resolved": "https://registry.npmjs.org/node-api-version/-/node-api-version-0.2.1.tgz",
      "integrity": "sha512-2xP/IGGMmmSQpI1+O/k72jF/ykvZ89JeuKX3TLJAYPDVLUalrshrLHkeVcCCZqG/eEa635cr8IBYzgnDvM2O8Q==",
      "dev": true,
      "license": "MIT",
      "dependencies": {
        "semver": "^7.3.5"
      }
    },
    "node_modules/node-gyp": {
      "version": "12.4.0",
      "resolved": "https://registry.npmjs.org/node-gyp/-/node-gyp-12.4.0.tgz",
      "integrity": "sha512-OMcPNvqTCFUnNaBlmdgq+lfNqY7gTiSmNRDjY3uAXRyudeKZEZxu3CLtjMQrx4zZxCX2b/mpNqTtwuCJgXhHkw==",
      "dev": true,
      "license": "MIT",
      "dependencies": {
        "env-paths": "^2.2.0",
        "exponential-backoff": "^3.1.1",
        "graceful-fs": "^4.2.6",
        "nopt": "^9.0.0",
        "proc-log": "^6.0.0",
        "semver": "^7.3.5",
        "tar": "^7.5.4",
        "tinyglobby": "^0.2.12",
        "undici": "^6.25.0",
        "which": "^6.0.0"
      },
      "bin": {
        "node-gyp": "bin/node-gyp.js"
      },
      "engines": {
        "node": "^20.17.0 || >=22.9.0"
      }
    },
    "node_modules/node-gyp/node_modules/isexe": {
      "version": "4.0.0",
      "resolved": "https://registry.npmjs.org/isexe/-/isexe-4.0.0.tgz",
      "integrity": "sha512-FFUtZMpoZ8RqHS3XeXEmHWLA4thH+ZxCv2lOiPIn1Xc7CxrqhWzNSDzD+/chS/zbYezmiwWLdQC09JdQKmthOw==",
      "dev": true,
      "license": "BlueOak-1.0.0",
      "engines": {
        "node": ">=20"
      }
    },
    "node_modules/node-gyp/node_modules/undici": {
      "version": "6.28.0",
      "resolved": "https://registry.npmjs.org/undici/-/undici-6.28.0.tgz",
      "integrity": "sha512-LIY910g9TI13YS95lrMFrs8Rm/u/irgHeTWoKCoteeJ04CUJ92eEfj0rVn+7VKMPBpUPiUoBKfhNyLI23EE/KA==",
      "dev": true,
      "license": "MIT",
      "engines": {
        "node": ">=18.17"
      }
    },
    "node_modules/node-gyp/node_modules/which": {
      "version": "6.0.1",
      "resolved": "https://registry.npmjs.org/which/-/which-6.0.1.tgz",
      "integrity": "sha512-oGLe46MIrCRqX7ytPUf66EAYvdeMIZYn3WaocqqKZAxrBpkqHfL/qvTyJ/bTk5+AqHCjXmrv3CEWgy368zhRUg==",
      "dev": true,
      "license": "ISC",
      "dependencies": {
        "isexe": "^4.0.0"
      },
      "bin": {
        "node-which": "bin/which.js"
      },
      "engines": {
        "node": "^20.17.0 || >=22.9.0"
      }
    },
    "node_modules/nopt": {
      "version": "9.0.0",
      "resolved": "https://registry.npmjs.org/nopt/-/nopt-9.0.0.tgz",
      "integrity": "sha512-Zhq3a+yFKrYwSBluL4H9XP3m3y5uvQkB/09CwDruCiRmR/UJYnn9W4R48ry0uGC70aeTPKLynBtscP9efFFcPw==",
      "dev": true,
      "license": "ISC",
      "dependencies": {
        "abbrev": "^4.0.0"
      },
      "bin": {
        "nopt": "bin/nopt.js"
      },
      "engines": {
        "node": "^20.17.0 || >=22.9.0"
      }
    },
    "node_modules/path-key": {
      "version": "3.1.1",
      "resolved": "https://registry.npmjs.org/path-key/-/path-key-3.1.1.tgz",
      "integrity": "sha512-ojmeN0qd+y0jszEtoY48r0Peq5dwMEkIlCOu6Q5f41lfkswXuKtYrhgoTpLnyIcHm24Uhqx+5Tqm2InSwLhE6Q==",
      "dev": true,
      "engines": {
        "node": ">=8"
      }
    },
    "node_modules/picomatch": {
      "version": "4.0.7",
      "resolved": "https://registry.npmjs.org/picomatch/-/picomatch-4.0.7.tgz",
      "integrity": "sha512-qcJu88Q2IWqJsDD529JKMdwGm/dvInW4HvQnRwiH9JtihJvzGOscDtHE3x1pBKeUOTysQ8kVmLnJ2kJu7yhcGA==",
      "dev": true,
      "license": "MIT",
      "engines": {
        "node": ">=12"
      },
      "funding": {
        "url": "https://github.com/sponsors/jonschlinkert"
      }
    },
    "node_modules/proc-log": {
      "version": "6.1.0",
      "resolved": "https://registry.npmjs.org/proc-log/-/proc-log-6.1.0.tgz",
      "integrity": "sha512-iG+GYldRf2BQ0UDUAd6JQ/RwzaQy6mXmsk/IzlYyal4A4SNFw54MeH4/tLkF4I5WoWG9SQwuqWzS99jaFQHBuQ==",
      "dev": true,
      "license": "ISC",
      "engines": {
        "node": "^20.17.0 || >=22.9.0"
      }
    },
    "node_modules/progress": {
      "version": "2.0.3",
      "resolved": "https://registry.npmjs.org/progress/-/progress-2.0.3.tgz",
      "integrity": "sha512-7PiHtLll5LdnKIMw100I+8xJXR5gW2QwWYkT6iJva0bXitZKa/XMrSbdmg3r2Xnaidz9Qumd0VPaMrZlF9V9sA==",
      "dev": true,
      "license": "MIT",
      "engines": {
        "node": ">=0.4.0"
      }
    },
    "node_modules/read-binary-file-arch": {
      "version": "1.0.6",
      "resolved": "https://registry.npmjs.org/read-binary-file-arch/-/read-binary-file-arch-1.0.6.tgz",
      "integrity": "sha512-BNg9EN3DD3GsDXX7Aa8O4p92sryjkmzYYgmgTAc6CA4uGLEDzFfxOxugu21akOxpcXHiEgsYkC6nPsQvLLLmEg==",
      "dev": true,
      "dependencies": {
        "debug": "^4.3.4"
      },
      "bin": {
        "read-binary-file-arch": "cli.js"
      }
    },
    "node_modules/semver": {
      "version": "7.6.3",
      "resolved": "https://registry.npmjs.org/semver/-/semver-7.6.3.tgz",
      "integrity": "sha512-oVekP1cKtI+CTDvHWYFUcMtsK/00wmAEfyqKfNdARm8u1wNVhSgaX7A8d4UuIlUI5e84iEwOhs7ZPYRmzU9U6A==",
      "dev": true,
      "bin": {
        "semver": "bin/semver.js"
      },
      "engines": {
        "node": ">=10"
      }
    },
    "node_modules/shebang-command": {
      "version": "2.0.0",
      "resolved": "https://registry.npmjs.org/shebang-command/-/shebang-command-2.0.0.tgz",
      "integrity": "sha512-kHxr2zZpYtdmrN1qDjrrX/Z1rR1kG8Dx+gkpK1G4eXmvXswmcE1hTWBWYUzlraYw1/yZp6YuDY77YtvbN0dmDA==",
      "dev": true,
      "dependencies": {
        "shebang-regex": "^3.0.0"
      },
      "engines": {
        "node": ">=8"
      }
    },
    "node_modules/shebang-regex": {
      "version": "3.0.0",
      "resolved": "https://registry.npmjs.org/shebang-regex/-/shebang-regex-3.0.0.tgz",
      "integrity": "sha512-7++dFhtcx3353uBaq8DDR4NuxBetBzC7ZQOhmTQInHEd6bSrXdiEyzCvG07Z44UYdLShWUyXt5M/yhz8ekcb1A==",
      "dev": true,
      "engines": {
        "node": ">=8"
      }
    },
    "node_modules/sumchecker": {
      "version": "3.0.1",
      "resolved": "https://registry.npmjs.org/sumchecker/-/sumchecker-3.0.1.tgz",
      "integrity": "sha512-MvjXzkz/BOfyVDkG0oFOtBxHX2u3gKbMHIF/dXblZsgD3BWOFLmHovIpZY7BykJdAjcqRCBi1WYBNdEC9yI7vg==",
      "dev": true,
      "license": "Apache-2.0",
      "dependencies": {
        "debug": "^4.1.0"
      },
      "engines": {
        "node": ">= 8.0"
      }
    },
    "node_modules/tar": {
      "version": "7.5.22",
      "resolved": "https://registry.npmjs.org/tar/-/tar-7.5.22.tgz",
      "integrity": "sha512-MFO/QzvtAOmJbkhOaCTvbGcFN9L9b+JunIsDwaKljSOdcLMea3NJ1k9Usz/rjdfSXTq4dfzfeS7W4p4YOAAHeA==",
      "dev": true,
      "license": "BlueOak-1.0.0",
      "dependencies": {
        "@isaacs/fs-minipass": "^4.0.0",
        "chownr": "^3.0.0",
        "minipass": "^7.1.2",
        "minizlib": "^3.1.0",
        "yallist": "^5.0.0"
      },
      "engines": {
        "node": ">=18"
      }
    },
    "node_modules/tinyglobby": {
      "version": "0.2.17",
      "resolved": "https://registry.npmjs.org/tinyglobby/-/tinyglobby-0.2.17.tgz",
      "integrity": "sha512-wXR/dYpcqKmfWpEdZjiKJOwCNFndD0DMnrW/cYjVGttEkBfVgcLFHoNrlj47mjOVic9yyNu65alsgF4NQyTa2g==",
      "dev": true,
      "license": "MIT",
      "dependencies": {
        "fdir": "^6.5.0",
        "picomatch": "^4.0.4"
      },
      "engines": {
        "node": ">=12.0.0"
      },
      "funding": {
        "url": "https://github.com/sponsors/SuperchupuDev"
      }
    },
    "node_modules/typescript": {
      "version": "5.6.2",
      "resolved": "https://registry.npmjs.org/typescript/-/typescript-5.6.2.tgz",
      "integrity": "sha512-NW8ByodCSNCwZeghjN3o+JX5OFH0Ojg6sadjEKY4huZ52TqbJTJnDo5+Tw98lSy63NZvi4n+ez5m2u5d4PkZyw==",
      "dev": true,
      "bin": {
        "tsc": "bin/tsc",
        "tsserver": "bin/tsserver"
      },
      "engines": {
        "node": ">=14.17"
      }
    },
    "node_modules/undici": {
      "version": "7.29.0",
      "resolved": "https://registry.npmjs.org/undici/-/undici-7.29.0.tgz",
      "integrity": "sha512-IDxfleLmmbSskfWSUATiN1nfn2rDuvnMOqb5CWR92iIfojA0Ud+ulOAAEQ57LPr9rWmsreUyf5lwyao+7GNNVw==",
      "dev": true,
      "license": "MIT",
      "optional": true,
      "engines": {
        "node": ">=20.18.1"
      }
    },
    "node_modules/undici-types": {
      "version": "6.19.8",
      "resolved": "https://registry.npmjs.org/undici-types/-/undici-types-6.19.8.tgz",
      "integrity": "sha512-ve2KP6f/JnbPBFyobGHuerC9g1FYGn/F8n1LWTwNxCEzd6IfqTwUQcNXgEtmmQ6DlRrC1hrSrBnCZPokRrDHjw==",
      "dev": true
    },
    "node_modules/which": {
      "version": "2.0.2",
      "resolved": "https://registry.npmjs.org/which/-/which-2.0.2.tgz",
      "integrity": "sha512-BLI3Tl1TW3Pvl70l3yq3Y64i+awpwXqsGBYWkkqMtnbXgrMD+yj7rhW0kuEDxzJaYXGjEW5ogapKNMEKNMjibA==",
      "dev": true,
      "dependencies": {
        "isexe": "^2.0.0"
      },
      "bin": {
        "node-which": "bin/node-which"
      },
      "engines": {
        "node": ">= 8"
      }
    },
    "node_modules/yallist": {
      "version": "5.0.0",
      "resolved": "https://registry.npmjs.org/yallist/-/yallist-5.0.0.tgz",
      "integrity": "sha512-YgvUTfwqyc7UXVMrB+SImsVYSmTS8X/tSrtdNZMImM+n7+QTriRXyXim0mBrTXNeqzVF0KWGgHPeiyViFFrNDw==",
      "dev": true,
      "license": "BlueOak-1.0.0",
      "engines": {
        "node": ">=18"
      }
    }
  },
  "dependencies": {
    "@electron-internal/extract-zip": {
      "version": "1.0.5",
      "resolved": "https://registry.npmjs.org/@electron-internal/extract-zip/-/extract-zip-1.0.5.tgz",
      "integrity": "sha512-+bqFCP98pLI0Tt0XQo1TmlXtwjWchISndDOxCkEcIuUgXWpBnLyRI+2DU+mesvnMMX6L1XDqYNA0lXNDHd/yiA==",
      "dev": true
    },
    "@electron/get": {
      "version": "5.1.0",
      "resolved": "https://registry.npmjs.org/@electron/get/-/get-5.1.0.tgz",
      "integrity": "sha512-3kSBtG8ObcTVfXanm5vVJ6UnBLEVmVsRk1M+vGqCuMBV+XLCbJYuWQful+yIy0GQDsSlK0kHEriEHn7SPk4EnA==",
      "dev": true,
      "requires": {
        "debug": "^4.1.1",
        "env-paths": "^3.0.0",
        "graceful-fs": "^4.2.11",
        "progress": "^2.0.3",
        "semver": "^7.6.3",
        "sumchecker": "^3.0.1",
        "undici": "^7.24.4"
      },
      "dependencies": {
        "env-paths": {
          "version": "3.0.0",
          "resolved": "https://registry.npmjs.org/env-paths/-/env-paths-3.0.0.tgz",
          "integrity": "sha512-dtJUTepzMW3Lm/NPxRf3wP4642UWhjL2sQxc+ym2YMj1m/H2zDNQOlezafzkHwn6sMstjHTwG6iQQsctDW/b1A==",
          "dev": true
        }
      }
    },
    "@electron/rebuild": {
      "version": "4.2.0",
      "resolved": "https://registry.npmjs.org/@electron/rebuild/-/rebuild-4.2.0.tgz",
      "integrity": "sha512-RKL/O+jGoXJMxrx/5771y1n0xTKmFuOYGO3gMmwypBM6rsH0kou0mswwdXA2JrhIkE4xyC7v9vGk0n6NPzgOxQ==",
      "dev": true,
      "requires": {
        "@malept/cross-spawn-promise": "^2.0.0",
        "debug": "^4.1.1",
        "node-abi": "^4.2.0",
        "node-api-version": "^0.2.1",
        "node-gyp": "^12.2.0",
        "read-binary-file-arch": "^1.0.6"
      }
    },
    "@isaacs/fs-minipass": {
      "version": "4.0.1",
      "resolved": "https://registry.npmjs.org/@isaacs/fs-minipass/-/fs-minipass-4.0.1.tgz",
      "integrity": "sha512-wgm9Ehl2jpeqP3zw/7mo3kRHFp5MEDhqAdwy1fTGkHAwnkGOVsgpvQhL8B5n1qlb01jV3n/bI0ZfZp5lWA1k4w==",
      "dev": true,
      "requires": {
        "minipass": "^7.0.4"
      }
    },
    "@malept/cross-spawn-promise": {
      "version": "2.0.0",
      "resolved": "https://registry.npmjs.org/@malept/cross-spawn-promise/-/cross-spawn-promise-2.0.0.tgz",
      "integrity": "sha512-1DpKU0Z5ThltBwjNySMC14g0CkbyhCaz9FkhxqNsZI6uAPJXFS8cMXlBKo26FJ8ZuW6S9GCMcR9IO5k2X5/9Fg==",
      "dev": true,
      "requires": {
        "cross-spawn": "^7.0.1"
      }
    },
    "@types/mocha": {
      "version": "10.0.8",
      "resolved": "https://registry.npmjs.org/@types/mocha/-/mocha-10.0.8.tgz",
      "integrity": "sha512-HfMcUmy9hTMJh66VNcmeC9iVErIZJli2bszuXc6julh5YGuRb/W5OnkHjwLNYdFlMis0sY3If5SEAp+PktdJjw==",
      "dev": true
    },
    "@types/node": {
      "version": "20.16.10",
      "resolved": "https://registry.npmjs.org/@types/node/-/node-20.16.10.tgz",
      "integrity": "sha512-vQUKgWTjEIRFCvK6CyriPH3MZYiYlNy0fKiEYHWbcoWLEgs4opurGGKlebrTLqdSMIbXImH6XExNiIyNUv3WpA==",
      "dev": true,
      "requires": {
        "undici-types": "~6.19.2"
      }
    },
    "abbrev": {
      "version": "4.0.0",
      "resolved": "https://registry.npmjs.org/abbrev/-/abbrev-4.0.0.tgz",
      "integrity": "sha512-a1wflyaL0tHtJSmLSOVybYhy22vRih4eduhhrkcjgrWGnRfrZtovJ2FRjxuTtkkj47O/baf0R86QU5OuYpz8fA==",
      "dev": true
    },
    "chownr": {
      "version": "3.0.0",
      "resolved": "https://registry.npmjs.org/chownr/-/chownr-3.0.0.tgz",
      "integrity": "sha512-+IxzY9BZOQd/XuYPRmrvEVjF/nqj5kgT4kEq7VofrDoM1MxoRjEWkrCC3EtLi59TVawxTAn+orJwFQcrqEN1+g==",
      "dev": true
    },
    "coreclr-hosting": {
      "version": "file:../../coreclr-hosting",
      "requires": {
        "benchmark": "^2.1.4",
        "benchr": "^4.3.0",
        "bindings": "^1.5.0",
        "mocha": "^11.8.0",
        "node-abi": "^3.95.0",
        "node-addon-api": "^8.9.2",
        "node-gyp": "^13.0.2",
        "prebuild": "^13.0.1",
        "prebuild-install": "^7.1.1"
      }
    },
    "cross-spawn": {
      "version": "7.0.3",
      "resolved": "https://registry.npmjs.org/cross-spawn/-/cross-spawn-7.0.3.tgz",
      "integrity": "sha512-iRDPJKUPVEND7dHPO8rkbOnPpyDygcDFtWjpeWNCgy8WP2rXcxXL8TskReQl6OrB2G7+UJrags1q15Fudc7G6w==",
      "dev": true,
      "requires": {
        "path-key": "^3.1.0",
        "shebang-command": "^2.0.0",
        "which": "^2.0.1"
      }
    },
    "debug": {
      "version": "4.3.7",
      "resolved": "https://registry.npmjs.org/debug/-/debug-4.3.7.tgz",
      "integrity": "sha512-Er2nc/H7RrMXZBFCEim6TCmMk02Z8vLC2Rbi1KEBggpo0fS6l0S1nnapwmIi3yW/+GOJap1Krg4w0Hg80oCqgQ==",
      "dev": true,
      "requires": {
        "ms": "^2.1.3"
      }
    },
    "electron": {
      "version": "44.0.0",
      "resolved": "https://registry.npmjs.org/electron/-/electron-44.0.0.tgz",
      "integrity": "sha512-FkTqPrFPZYljdPI5b7KORGsJTd6FgUQDefl5MrU3Xz9R87pAj9JLreIjDqcRN8hJIkFHIou0o8kKzvcpT9qiRQ==",
      "dev": true,
      "requires": {
        "@electron-internal/extract-zip": "^1.0.1",
        "@electron/get": "^5.0.0",
        "@types/node": "^24.9.0"
      },
      "dependencies": {
        "@types/node": {
          "version": "24.13.3",
          "resolved": "https://registry.npmjs.org/@types/node/-/node-24.13.3.tgz",
          "integrity": "sha512-Dh8vAsV36ig5wa9OX4pXvMc9D3Veibfw2wix0CUwYODLD8nkj9UsLjASr49nPg+2eKzxhBV+v7L8pXvT4e639Q==",
          "dev": true,
          "requires": {
            "undici-types": "~7.18.0"
          }
        },
        "undici-types": {
          "version": "7.18.2",
          "resolved": "https://registry.npmjs.org/undici-types/-/undici-types-7.18.2.tgz",
          "integrity": "sha512-AsuCzffGHJybSaRrmr5eHr81mwJU3kjw6M+uprWvCXiNeN9SOGwQ3Jn8jb8m3Z6izVgknn1R0FTCEAP2QrLY/w==",
          "dev": true
        }
      }
    },
    "electron-blazor-glue": {
      "version": "file:../../electron-blazor-glue",
      "requires": {
        "@types/node": "^22.7.4",
        "coreclr-hosting": "file:../coreclr-hosting",
        "electron": "^44.0.0",
        "node-loader": "^2.1.0",
        "ts-loader": "^9.6.2",
        "typescript": "^5.6.2",
        "webpack": "^5.109.2",
        "webpack-cli": "^5.1.4"
      }
    },
    "env-paths": {
      "version": "2.2.1",
      "resolved": "https://registry.npmjs.org/env-paths/-/env-paths-2.2.1.tgz",
      "integrity": "sha512-+h1lkLKhZMTYjog1VEpJNG7NZJWcuc2DDk/qsqSTRRCOXiLjeQ1d1/udrUGhqMxUgAlwKNZ0cf2uqan5GLuS2A==",
      "dev": true
    },
    "exponential-backoff": {
      "version": "3.1.3",
      "resolved": "https://registry.npmjs.org/exponential-backoff/-/exponential-backoff-3.1.3.tgz",
      "integrity": "sha512-ZgEeZXj30q+I0EN+CbSSpIyPaJ5HVQD18Z1m+u1FXbAeT94mr1zw50q4q6jiiC447Nl/YTcIYSAftiGqetwXCA==",
      "dev": true
    },
    "fdir": {
      "version": "6.5.0",
      "resolved": "https://registry.npmjs.org/fdir/-/fdir-6.5.0.tgz",
      "integrity": "sha512-tIbYtZbucOs0BRGqPJkshJUYdL+SDH7dVM8gjy+ERp3WAUjLEFJE+02kanyHtwjWOnwrKYBiwAmM0p4kLJAnXg==",
      "dev": true,
      "requires": {}
    },
    "graceful-fs": {
      "version": "4.2.11",
      "resolved": "https://registry.npmjs.org/graceful-fs/-/graceful-fs-4.2.11.tgz",
      "integrity": "sha512-RbJ5/jmFcNNCcDV5o9eTnBLJ/HszWV0P73bc+Ff4nS/rJj+YaS6IGyiOL0VoBYX+l1Wrl3k63h/KrH+nhJ0XvQ==",
      "dev": true
    },
    "isexe": {
      "version": "2.0.0",
      "resolved": "https://registry.npmjs.org/isexe/-/isexe-2.0.0.tgz",
      "integrity": "sha512-RHxMLp9lnKHGHRng9QFhRCMbYAcVpn69smSGcq3f36xjgVVWThj4qqLbTLlq7Ssj8B+fIQ1EuCEGI2lKsyQeIw==",
      "dev": true
    },
    "minipass": {
      "version": "7.1.3",
      "resolved": "https://registry.npmjs.org/minipass/-/minipass-7.1.3.tgz",
      "integrity": "sha512-tEBHqDnIoM/1rXME1zgka9g6Q2lcoCkxHLuc7ODJ5BxbP5d4c2Z5cGgtXAku59200Cx7diuHTOYfSBD8n6mm8A==",
      "dev": true
    },
    "minizlib": {
      "version": "3.1.0",
      "resolved": "https://registry.npmjs.org/minizlib/-/minizlib-3.1.0.tgz",
      "integrity": "sha512-KZxYo1BUkWD2TVFLr0MQoM8vUUigWD3LlD83a/75BqC+4qE0Hb1Vo5v1FgcfaNXvfXzr+5EhQ6ing/CaBijTlw==",
      "dev": true,
      "requires": {
        "minipass": "^7.1.2"
      }
    },
    "ms": {
      "version": "2.1.3",
      "resolved": "https://registry.npmjs.org/ms/-/ms-2.1.3.tgz",
      "integrity": "sha512-6FlzubTLZG3J2a/NVCAleEhjzq5oxgHyaCU9yYXvcLsvoVaHJq/s5xXI6/XXP6tz7R9xAOtHnSO/tXtF3WRTlA==",
      "dev": true
    },
    "node-abi": {
      "version": "4.34.0",
      "resolved": "https://registry.npmjs.org/node-abi/-/node-abi-4.34.0.tgz",
      "integrity": "sha512-4Oy5Q6/Ftna9sXyrkdnKypfvm9uWRpxUPvlw4oA192QNMN39aq8k4l36TUUUU/ONw7ivGVi402Ud+UBPVDYh6A==",
      "dev": true,
      "requires": {
        "semver": "^7.6.3"
      }
    },
    "node-api-version": {
      "version": "0.2.1",
      "resolved": "https://registry.npmjs.org/node-api-version/-/node-api-version-0.2.1.tgz",
      "integrity": "sha512-2xP/IGGMmmSQpI1+O/k72jF/ykvZ89JeuKX3TLJAYPDVLUalrshrLHkeVcCCZqG/eEa635cr8IBYzgnDvM2O8Q==",
      "dev": true,
      "requires": {
        "semver": "^7.3.5"
      }
    },
    "node-gyp": {
      "version": "12.4.0",
      "resolved": "https://registry.npmjs.org/node-gyp/-/node-gyp-12.4.0.tgz",
      "integrity": "sha512-OMcPNvqTCFUnNaBlmdgq+lfNqY7gTiSmNRDjY3uAXRyudeKZEZxu3CLtjMQrx4zZxCX2b/mpNqTtwuCJgXhHkw==",
      "dev": true,
      "requires": {
        "env-paths": "^2.2.0",
        "exponential-backoff": "^3.1.1",
        "graceful-fs": "^4.2.6",
        "nopt": "^9.0.0",
        "proc-log": "^6.0.0",
        "semver": "^7.3.5",
        "tar": "^7.5.4",
        "tinyglobby": "^0.2.12",
        "undici": "^6.25.0",
        "which": "^6.0.0"
      },
      "dependencies": {
        "isexe": {
          "version": "4.0.0",
          "resolved": "https://registry.npmjs.org/isexe/-/isexe-4.0.0.tgz",
          "integrity": "sha512-FFUtZMpoZ8RqHS3XeXEmHWLA4thH+ZxCv2lOiPIn1Xc7CxrqhWzNSDzD+/chS/zbYezmiwWLdQC09JdQKmthOw==",
          "dev": true
        },
        "undici": {
          "version": "6.28.0",
          "resolved": "https://registry.npmjs.org/undici/-/undici-6.28.0.tgz",
          "integrity": "sha512-LIY910g9TI13YS95lrMFrs8Rm/u/irgHeTWoKCoteeJ04CUJ92eEfj0rVn+7VKMPBpUPiUoBKfhNyLI23EE/KA==",
          "dev": true
        },
        "which": {
          "version": "6.0.1",
          "resolved": "https://registry.npmjs.org/which/-/which-6.0.1.tgz",
          "integrity": "sha512-oGLe46MIrCRqX7ytPUf66EAYvdeMIZYn3WaocqqKZAxrBpkqHfL/qvTyJ/bTk5+AqHCjXmrv3CEWgy368zhRUg==",
          "dev": true,
          "requires": {
            "isexe": "^4.0.0"
          }
        }
      }
    },
    "nopt": {
      "version": "9.0.0",
      "resolved": "https://registry.npmjs.org/nopt/-/nopt-9.0.0.tgz",
      "integrity": "sha512-Zhq3a+yFKrYwSBluL4H9XP3m3y5uvQkB/09CwDruCiRmR/UJYnn9W4R48ry0uGC70aeTPKLynBtscP9efFFcPw==",
      "dev": true,
      "requires": {
        "abbrev": "^4.0.0"
      }
    },
    "path-key": {
      "version": "3.1.1",
      "resolved": "https://registry.npmjs.org/path-key/-/path-key-3.1.1.tgz",
      "integrity": "sha512-ojmeN0qd+y0jszEtoY48r0Peq5dwMEkIlCOu6Q5f41lfkswXuKtYrhgoTpLnyIcHm24Uhqx+5Tqm2InSwLhE6Q==",
      "dev": true
    },
    "picomatch": {
      "version": "4.0.7",
      "resolved": "https://registry.npmjs.org/picomatch/-/picomatch-4.0.7.tgz",
      "integrity": "sha512-qcJu88Q2IWqJsDD529JKMdwGm/dvInW4HvQnRwiH9JtihJvzGOscDtHE3x1pBKeUOTysQ8kVmLnJ2kJu7yhcGA==",
      "dev": true
    },
    "proc-log": {
      "version": "6.1.0",
      "resolved": "https://registry.npmjs.org/proc-log/-/proc-log-6.1.0.tgz",
      "integrity": "sha512-iG+GYldRf2BQ0UDUAd6JQ/RwzaQy6mXmsk/IzlYyal4A4SNFw54MeH4/tLkF4I5WoWG9SQwuqWzS99jaFQHBuQ==",
      "dev": true
    },
    "progress": {
      "version": "2.0.3",
      "resolved": "https://registry.npmjs.org/progress/-/progress-2.0.3.tgz",
      "integrity": "sha512-7PiHtLll5LdnKIMw100I+8xJXR5gW2QwWYkT6iJva0bXitZKa/XMrSbdmg3r2Xnaidz9Qumd0VPaMrZlF9V9sA==",
      "dev": true
    },
    "read-binary-file-arch": {
      "version": "1.0.6",
      "resolved": "https://registry.npmjs.org/read-binary-file-arch/-/read-binary-file-arch-1.0.6.tgz",
      "integrity": "sha512-BNg9EN3DD3GsDXX7Aa8O4p92sryjkmzYYgmgTAc6CA4uGLEDzFfxOxugu21akOxpcXHiEgsYkC6nPsQvLLLmEg==",
      "dev": true,
      "requires": {
        "debug": "^4.3.4"
      }
    },
    "semver": {
      "version": "7.6.3",
      "resolved": "https://registry.npmjs.org/semver/-/semver-7.6.3.tgz",
      "integrity": "sha512-oVekP1cKtI+CTDvHWYFUcMtsK/00wmAEfyqKfNdARm8u1wNVhSgaX7A8d4UuIlUI5e84iEwOhs7ZPYRmzU9U6A==",
      "dev": true
    },
    "shebang-command": {
      "version": "2.0.0",
      "resolved": "https://registry.npmjs.org/shebang-command/-/shebang-command-2.0.0.tgz",
      "integrity": "sha512-kHxr2zZpYtdmrN1qDjrrX/Z1rR1kG8Dx+gkpK1G4eXmvXswmcE1hTWBWYUzlraYw1/yZp6YuDY77YtvbN0dmDA==",
      "dev": true,
      "requires": {
        "shebang-regex": "^3.0.0"
      }
    },
    "shebang-regex": {
      "version": "3.0.0",
      "resolved": "https://registry.npmjs.org/shebang-regex/-/shebang-regex-3.0.0.tgz",
      "integrity": "sha512-7++dFhtcx3353uBaq8DDR4NuxBetBzC7ZQOhmTQInHEd6bSrXdiEyzCvG07Z44UYdLShWUyXt5M/yhz8ekcb1A==",
      "dev": true
    },
    "sumchecker": {
      "version": "3.0.1",
      "resolved": "https://registry.npmjs.org/sumchecker/-/sumchecker-3.0.1.tgz",
      "integrity": "sha512-MvjXzkz/BOfyVDkG0oFOtBxHX2u3gKbMHIF/dXblZsgD3BWOFLmHovIpZY7BykJdAjcqRCBi1WYBNdEC9yI7vg==",
      "dev": true,
      "requires": {
        "debug": "^4.1.0"
      }
    },
    "tar": {
      "version": "7.5.22",
      "resolved": "https://registry.npmjs.org/tar/-/tar-7.5.22.tgz",
      "integrity": "sha512-MFO/QzvtAOmJbkhOaCTvbGcFN9L9b+JunIsDwaKljSOdcLMea3NJ1k9Usz/rjdfSXTq4dfzfeS7W4p4YOAAHeA==",
      "dev": true,
      "requires": {
        "@isaacs/fs-minipass": "^4.0.0",
        "chownr": "^3.0.0",
        "minipass": "^7.1.2",
        "minizlib": "^3.1.0",
        "yallist": "^5.0.0"
      }
    },
    "tinyglobby": {
      "version": "0.2.17",
      "resolved": "https://registry.npmjs.org/tinyglobby/-/tinyglobby-0.2.17.tgz",
      "integrity": "sha512-wXR/dYpcqKmfWpEdZjiKJOwCNFndD0DMnrW/cYjVGttEkBfVgcLFHoNrlj47mjOVic9yyNu65alsgF4NQyTa2g==",
      "dev": true,
      "requires": {
        "fdir": "^6.5.0",
        "picomatch": "^4.0.4"
      }
    },
    "typescript": {
      "version": "5.6.2",
      "resolved": "https://registry.npmjs.org/typescript/-/typescript-5.6.2.tgz",
      "integrity": "sha512-NW8ByodCSNCwZeghjN3o+JX5OFH0Ojg6sadjEKY4huZ52TqbJTJnDo5+Tw98lSy63NZvi4n+ez5m2u5d4PkZyw==",
      "dev": true
    },
    "undici": {
      "version": "7.29.0",
      "resolved": "https://registry.npmjs.org/undici/-/undici-7.29.0.tgz",
      "integrity": "sha512-IDxfleLmmbSskfWSUATiN1nfn2rDuvnMOqb5CWR92iIfojA0Ud+ulOAAEQ57LPr9rWmsreUyf5lwyao+7GNNVw==",
      "dev": true,
      "optional": true
    },
    "undici-types": {
      "version": "6.19.8",
      "resolved": "https://registry.npmjs.org/undici-types/-/undici-types-6.19.8.tgz",
      "integrity": "sha512-ve2KP6f/JnbPBFyobGHuerC9g1FYGn/F8n1LWTwNxCEzd6IfqTwUQcNXgEtmmQ6DlRrC1hrSrBnCZPokRrDHjw==",
      "dev": true
    },
    "which": {
      "version": "2.0.2",
      "resolved": "https://registry.npmjs.org/which/-/which-2.0.2.tgz",
      "integrity": "sha512-BLI3Tl1TW3Pvl70l3yq3Y64i+awpwXqsGBYWkkqMtnbXgrMD+yj7rhW0kuEDxzJaYXGjEW5ogapKNMEKNMjibA==",
      "dev": true,
      "requires": {
        "isexe": "^2.0.0"
      }
    },
    "yallist": {
      "version": "5.0.0",
      "resolved": "https://registry.npmjs.org/yallist/-/yallist-5.0.0.tgz",
      "integrity": "sha512-YgvUTfwqyc7UXVMrB+SImsVYSmTS8X/tSrtdNZMImM+n7+QTriRXyXim0mBrTXNeqzVF0KWGgHPeiyViFFrNDw==",
      "dev": true
    }
  }
}
